
Microsoft Visual Studio Solution File, Format Version 12.00
# Visual Studio 2013
VisualStudioVersion = 12.0.40629.0
MinimumVisualStudioVersion = 10.0.40219.1
Project("{FAE04EC0-301F-11D3-BF4B-00C04F79EFBC}") = "ExemploSerializacao", "ExemploSerializacao\ExemploSerializacao.csproj", "{F2B1FF21-7608-4E32-BA7B-45D647A588BA}"
EndProject
Project("{FAE04EC0-301F-11D3-BF4B-00C04F79EFBC}") = "Model", "Model\Model.csproj", "{A6F216F3-6B11-484C-853A-2F30CEA12E01}"
EndProject
Global
	GlobalSection(SolutionConfigurationPlatforms) = preSolution
		Debug|Any CPU = Debug|Any CPU
		Release|Any CPU = Release|Any CPU
	EndGlobalSection
	GlobalSection(ProjectConfigurationPlatforms) = postSolution
		{F2B1FF21-7608-4E32-BA7B-45D647A588BA}.Debug|Any CPU.ActiveCfg = Debug|Any CPU
		{F2B1FF21-7608-4E32-BA7B-45D647A588BA}.Debug|Any CPU.Build.0 = Debug|Any CPU
		{F2B1FF21-7608-4E32-BA7B-45D647A588BA}.Release|Any CPU.ActiveCfg = Release|Any CPU
		{F2B1FF21-7608-4E32-BA7B-45D647A588BA}.Release|Any CPU.Build.0 = Release|Any CPU
		{A6F216F3-6B11-484C-853A-2F30CEA12E01}.Debug|Any CPU.ActiveCfg = Debug|Any CPU
		{A6F216F3-6B11-484C-853A-2F30CEA12E01}.Debug|Any CPU.Build.0 = Debug|Any CPU
		{A6F216F3-6B11-484C-853A-2F30CEA12E01}.Release|Any CPU.ActiveCfg = Release|Any CPU
		{A6F216F3-6B11-484C-853A-2F30CEA12E01}.Release|Any CPU.Build.0 = Release|Any CPU
	EndGlobalSection
	GlobalSection(SolutionProperties) = preSolution
		HideSolutionNode = FALSE
	EndGlobalSection
EndGlobal
